
Microsoft Visual Studio Solution File, Format Version 12.00
# Visual Studio Version 17
VisualStudioVersion = 17.8.34330.188
MinimumVisualStudioVersion = 10.0.40219.1
Project("{FAE04EC0-301F-11D3-BF4B-00C04F79EFBC}") = "hometask1", "hometask1\hometask1.csproj", "{68BFDAB6-199E-424F-B169-6FECF7599431}"
EndProject
Global
	GlobalSection(SolutionConfigurationPlatforms) = preSolution
		Debug|Any CPU = Debug|Any CPU
		Release|Any CPU = Release|Any CPU
	EndGlobalSection
	GlobalSection(ProjectConfigurationPlatforms) = postSolution
		{68BFDAB6-199E-424F-B169-6FECF7599431}.Debug|Any CPU.ActiveCfg = Debug|Any CPU
		{68BFDAB6-199E-424F-B169-6FECF7599431}.Debug|Any CPU.Build.0 = Debug|Any CPU
		{68BFDAB6-199E-424F-B169-6FECF7599431}.Release|Any CPU.ActiveCfg = Release|Any CPU
		{68BFDAB6-199E-424F-B169-6FECF7599431}.Release|Any CPU.Build.0 = Release|Any CPU
	EndGlobalSection
	GlobalSection(SolutionProperties) = preSolution
		HideSolutionNode = FALSE
	EndGlobalSection
	GlobalSection(ExtensibilityGlobals) = postSolution
		SolutionGuid = {1839ED7B-87A2-4BC2-80A2-6697DFC5EF8D}
	EndGlobalSection
EndGlobal
